
Microsoft Visual Studio Solution File, Format Version 12.00
# Visual Studio Version 17
VisualStudioVersion = 17.9.34622.214
MinimumVisualStudioVersion = 10.0.40219.1
Project("{9A19103F-16F7-4668-BE54-9A1E7A4F7556}") = "LoanManagementSys", "LoanManagementSys.csproj", "{D8929CBC-2884-4597-A432-40BB9DBF0B6A}"
EndProject
Global
	GlobalSection(SolutionConfigurationPlatforms) = preSolution
		Debug|Any CPU = Debug|Any CPU
		Release|Any CPU = Release|Any CPU
	EndGlobalSection
	GlobalSection(ProjectConfigurationPlatforms) = postSolution
		{D8929CBC-2884-4597-A432-40BB9DBF0B6A}.Debug|Any CPU.ActiveCfg = Debug|Any CPU
		{D8929CBC-2884-4597-A432-40BB9DBF0B6A}.Debug|Any CPU.Build.0 = Debug|Any CPU
		{D8929CBC-2884-4597-A432-40BB9DBF0B6A}.Release|Any CPU.ActiveCfg = Release|Any CPU
		{D8929CBC-2884-4597-A432-40BB9DBF0B6A}.Release|Any CPU.Build.0 = Release|Any CPU
	EndGlobalSection
	GlobalSection(SolutionProperties) = preSolution
		HideSolutionNode = FALSE
	EndGlobalSection
	GlobalSection(ExtensibilityGlobals) = postSolution
		SolutionGuid = {C2BDCD02-BE21-411B-8D6A-CF73EE40EE0A}
	EndGlobalSection
EndGlobal
